
Microsoft Visual Studio Solution File, Format Version 12.00
# Visual Studio Version 17
VisualStudioVersion = 17.14.36221.1 d17.14
MinimumVisualStudioVersion = 10.0.40219.1
Project("{FAE04EC0-301F-11D3-BF4B-00C04F79EFBC}") = "BoardsInspection.WebAPI", "BoardsInspection\BoardsInspection.WebAPI.csproj", "{AFD76B06-3C60-447F-8F71-D2820530B075}"
EndProject
Project("{FAE04EC0-301F-11D3-BF4B-00C04F79EFBC}") = "BoardsInspection.Core", "BoardsInspection.Core\BoardsInspection.Core.csproj", "{8BA2299A-8AAB-4174-8F14-C4BCFB4CB08C}"
EndProject
Project("{FAE04EC0-301F-11D3-BF4B-00C04F79EFBC}") = "BoardsInspection.Infrastructure", "BoardsInspection.Infrastructure\BoardsInspection.Infrastructure.csproj", "{8FF87BA7-F1FD-45C6-976B-71171843D6A4}"
EndProject
Global
	GlobalSection(SolutionConfigurationPlatforms) = preSolution
		Debug|Any CPU = Debug|Any CPU
		Release|Any CPU = Release|Any CPU
	EndGlobalSection
	GlobalSection(ProjectConfigurationPlatforms) = postSolution
		{AFD76B06-3C60-447F-8F71-D2820530B075}.Debug|Any CPU.ActiveCfg = Debug|Any CPU
		{AFD76B06-3C60-447F-8F71-D2820530B075}.Debug|Any CPU.Build.0 = Debug|Any CPU
		{AFD76B06-3C60-447F-8F71-D2820530B075}.Release|Any CPU.ActiveCfg = Release|Any CPU
		{AFD76B06-3C60-447F-8F71-D2820530B075}.Release|Any CPU.Build.0 = Release|Any CPU
		{8BA2299A-8AAB-4174-8F14-C4BCFB4CB08C}.Debug|Any CPU.ActiveCfg = Debug|Any CPU
		{8BA2299A-8AAB-4174-8F14-C4BCFB4CB08C}.Debug|Any CPU.Build.0 = Debug|Any CPU
		{8BA2299A-8AAB-4174-8F14-C4BCFB4CB08C}.Release|Any CPU.ActiveCfg = Release|Any CPU
		{8BA2299A-8AAB-4174-8F14-C4BCFB4CB08C}.Release|Any CPU.Build.0 = Release|Any CPU
		{8FF87BA7-F1FD-45C6-976B-71171843D6A4}.Debug|Any CPU.ActiveCfg = Debug|Any CPU
		{8FF87BA7-F1FD-45C6-976B-71171843D6A4}.Debug|Any CPU.Build.0 = Debug|Any CPU
		{8FF87BA7-F1FD-45C6-976B-71171843D6A4}.Release|Any CPU.ActiveCfg = Release|Any CPU
		{8FF87BA7-F1FD-45C6-976B-71171843D6A4}.Release|Any CPU.Build.0 = Release|Any CPU
	EndGlobalSection
	GlobalSection(SolutionProperties) = preSolution
		HideSolutionNode = FALSE
	EndGlobalSection
	GlobalSection(ExtensibilityGlobals) = postSolution
		SolutionGuid = {DAC23315-F79C-404C-A52F-AC3CEBF8FDAD}
	EndGlobalSection
EndGlobal
